
Microsoft Visual Studio Solution File, Format Version 12.00
# Visual Studio Version 16
VisualStudioVersion = 16.0.29613.14
MinimumVisualStudioVersion = 10.0.40219.1
Project("{FAE04EC0-301F-11D3-BF4B-00C04F79EFBC}") = "BinarySearchTree", "BinarySearchTree\BinarySearchTree.csproj", "{01CC82FB-BC30-4E71-A028-8903B93255B9}"
EndProject
Global
	GlobalSection(SolutionConfigurationPlatforms) = preSolution
		Debug|Any CPU = Debug|Any CPU
		Release|Any CPU = Release|Any CPU
	EndGlobalSection
	GlobalSection(ProjectConfigurationPlatforms) = postSolution
		{01CC82FB-BC30-4E71-A028-8903B93255B9}.Debug|Any CPU.ActiveCfg = Debug|Any CPU
		{01CC82FB-BC30-4E71-A028-8903B93255B9}.Debug|Any CPU.Build.0 = Debug|Any CPU
		{01CC82FB-BC30-4E71-A028-8903B93255B9}.Release|Any CPU.ActiveCfg = Release|Any CPU
		{01CC82FB-BC30-4E71-A028-8903B93255B9}.Release|Any CPU.Build.0 = Release|Any CPU
	EndGlobalSection
	GlobalSection(SolutionProperties) = preSolution
		HideSolutionNode = FALSE
	EndGlobalSection
	GlobalSection(ExtensibilityGlobals) = postSolution
		SolutionGuid = {39DC8FDA-DBD8-49D7-AABB-4D6106C1992A}
	EndGlobalSection
EndGlobal
